
Microsoft Visual Studio Solution File, Format Version 12.00
# Visual Studio Version 17
VisualStudioVersion = 17.12.35707.178
MinimumVisualStudioVersion = 10.0.40219.1
Project("{FAE04EC0-301F-11D3-BF4B-00C04F79EFBC}") = "GUB", "GUB\GUB.csproj", "{F43FD31B-31BD-4515-9144-2C8D306E6448}"
EndProject
Project("{FAE04EC0-301F-11D3-BF4B-00C04F79EFBC}") = "DataAccessLayer", "DataAccessLayer\DataAccessLayer.csproj", "{5E19FF10-D5FF-45E0-9502-CA399F216121}"
EndProject
Project("{FAE04EC0-301F-11D3-BF4B-00C04F79EFBC}") = "Services", "Services\Services.csproj", "{C0F78AE7-44FA-4779-A72A-E8C5DA174274}"
EndProject
Project("{FAE04EC0-301F-11D3-BF4B-00C04F79EFBC}") = "Common", "Common\Common.csproj", "{956DA540-4364-4EAF-ADA1-34620C87F010}"
EndProject
Global
	GlobalSection(SolutionConfigurationPlatforms) = preSolution
		Debug|Any CPU = Debug|Any CPU
		Release|Any CPU = Release|Any CPU
	EndGlobalSection
	GlobalSection(ProjectConfigurationPlatforms) = postSolution
		{F43FD31B-31BD-4515-9144-2C8D306E6448}.Debug|Any CPU.ActiveCfg = Debug|Any CPU
		{F43FD31B-31BD-4515-9144-2C8D306E6448}.Debug|Any CPU.Build.0 = Debug|Any CPU
		{F43FD31B-31BD-4515-9144-2C8D306E6448}.Release|Any CPU.ActiveCfg = Release|Any CPU
		{F43FD31B-31BD-4515-9144-2C8D306E6448}.Release|Any CPU.Build.0 = Release|Any CPU
		{5E19FF10-D5FF-45E0-9502-CA399F216121}.Debug|Any CPU.ActiveCfg = Debug|Any CPU
		{5E19FF10-D5FF-45E0-9502-CA399F216121}.Debug|Any CPU.Build.0 = Debug|Any CPU
		{5E19FF10-D5FF-45E0-9502-CA399F216121}.Release|Any CPU.ActiveCfg = Release|Any CPU
		{5E19FF10-D5FF-45E0-9502-CA399F216121}.Release|Any CPU.Build.0 = Release|Any CPU
		{C0F78AE7-44FA-4779-A72A-E8C5DA174274}.Debug|Any CPU.ActiveCfg = Debug|Any CPU
		{C0F78AE7-44FA-4779-A72A-E8C5DA174274}.Debug|Any CPU.Build.0 = Debug|Any CPU
		{C0F78AE7-44FA-4779-A72A-E8C5DA174274}.Release|Any CPU.ActiveCfg = Release|Any CPU
		{C0F78AE7-44FA-4779-A72A-E8C5DA174274}.Release|Any CPU.Build.0 = Release|Any CPU
		{956DA540-4364-4EAF-ADA1-34620C87F010}.Debug|Any CPU.ActiveCfg = Debug|Any CPU
		{956DA540-4364-4EAF-ADA1-34620C87F010}.Debug|Any CPU.Build.0 = Debug|Any CPU
		{956DA540-4364-4EAF-ADA1-34620C87F010}.Release|Any CPU.ActiveCfg = Release|Any CPU
		{956DA540-4364-4EAF-ADA1-34620C87F010}.Release|Any CPU.Build.0 = Release|Any CPU
	EndGlobalSection
	GlobalSection(SolutionProperties) = preSolution
		HideSolutionNode = FALSE
	EndGlobalSection
EndGlobal
